// !$*UTF8*$!
{
	archiveVersion = 1;
	classes = {
	};
	objectVersion = 56;
	objects = {

/* Begin PBXBuildFile section */
		3E6FB3FA2AAC440F00C6FBFF /* oneApp.swift in Sources */ = {isa = PBXBuildFile; fileRef = 3E6FB3F92AAC440F00C6FBFF /* oneApp.swift */; };
		3E6FB3FC2AAC440F00C6FBFF /* ContentView.swift in Sources */ = {isa = PBXBuildFile; fileRef = 3E6FB3FB2AAC440F00C6FBFF /* ContentView.swift */; };
		3E6FB3FE2AAC441100C6FBFF /* Assets.xcassets in Resources */ = {isa = PBXBuildFile; fileRef = 3E6FB3FD2AAC441100C6FBFF /* Assets.xcassets */; };
		3E6FB4012AAC441100C6FBFF /* Preview Assets.xcassets in Resources */ = {isa = PBXBuildFile; fileRef = 3E6FB4002AAC441100C6FBFF /* Preview Assets.xcassets */; };
		3E6FB40A2AAC58FF00C6FBFF /* LoginView.swift in Sources */ = {isa = PBXBuildFile; fileRef = 3E6FB4092AAC58FF00C6FBFF /* LoginView.swift */; };
		3ECA9CF32AD1DD48003A24B8 /* termsAndConditionsView.swift in Sources */ = {isa = PBXBuildFile; fileRef = 3ECA9CF22AD1DD48003A24B8 /* termsAndConditionsView.swift */; };
		3ECA9CF72AD1E5B0003A24B8 /* imageHPView.swift in Sources */ = {isa = PBXBuildFile; fileRef = 3ECA9CF62AD1E5B0003A24B8 /* imageHPView.swift */; };
		3ECA9CF92AD1E8B6003A24B8 /* TapBarButtonView.swift in Sources */ = {isa = PBXBuildFile; fileRef = 3ECA9CF82AD1E8B6003A24B8 /* TapBarButtonView.swift */; };
		3ECA9CFB2AD1EEBD003A24B8 /* ProfilePageView.swift in Sources */ = {isa = PBXBuildFile; fileRef = 3ECA9CFA2AD1EEBD003A24B8 /* ProfilePageView.swift */; };
		9621CDD92AD6A776005BC68E /* contetview.swift in Sources */ = {isa = PBXBuildFile; fileRef = 9621CDD82AD6A776005BC68E /* contetview.swift */; };
		9621CDDF2AD7CC10005BC68E /* RegisterView.swift in Sources */ = {isa = PBXBuildFile; fileRef = 9621CDDE2AD7CC10005BC68E /* RegisterView.swift */; };
		9621CDE12AD7F481005BC68E /* Home Page.swift in Sources */ = {isa = PBXBuildFile; fileRef = 9621CDE02AD7F481005BC68E /* Home Page.swift */; };
		9621CDE32ADAB87F005BC68E /* EditProfileView.swift in Sources */ = {isa = PBXBuildFile; fileRef = 9621CDE22ADAB87F005BC68E /* EditProfileView.swift */; };
		9621CDE52ADAC230005BC68E /* HomePostsView.swift in Sources */ = {isa = PBXBuildFile; fileRef = 9621CDE42ADAC230005BC68E /* HomePostsView.swift */; };
		9621CDE72ADACA30005BC68E /* ChatView.swift in Sources */ = {isa = PBXBuildFile; fileRef = 9621CDE62ADACA30005BC68E /* ChatView.swift */; };
		9621CDE92ADACAAE005BC68E /* SearchView.swift in Sources */ = {isa = PBXBuildFile; fileRef = 9621CDE82ADACAAE005BC68E /* SearchView.swift */; };
		9621CDEB2ADACB28005BC68E /* ShareView.swift in Sources */ = {isa = PBXBuildFile; fileRef = 9621CDEA2ADACB28005BC68E /* ShareView.swift */; };
		9621CDF12ADBEE91005BC68E /* ProfileView.swift in Sources */ = {isa = PBXBuildFile; fileRef = 9621CDF02ADBEE91005BC68E /* ProfileView.swift */; };
		9621CDF32ADBF85E005BC68E /* HomeThoughtsView.swift in Sources */ = {isa = PBXBuildFile; fileRef = 9621CDF22ADBF85E005BC68E /* HomeThoughtsView.swift */; };
		9621CDF62ADBFC9E005BC68E /* MessagesHistoryView.swift in Sources */ = {isa = PBXBuildFile; fileRef = 9621CDF52ADBFC9E005BC68E /* MessagesHistoryView.swift */; };
		9621CDF92ADC1814005BC68E /* FirebaseAuth in Frameworks */ = {isa = PBXBuildFile; productRef = 9621CDF82ADC1814005BC68E /* FirebaseAuth */; };
		9621CDFB2ADC1814005BC68E /* FirebaseDatabase in Frameworks */ = {isa = PBXBuildFile; productRef = 9621CDFA2ADC1814005BC68E /* FirebaseDatabase */; };
		9621CDFD2ADC1814005BC68E /* FirebaseFirestore in Frameworks */ = {isa = PBXBuildFile; productRef = 9621CDFC2ADC1814005BC68E /* FirebaseFirestore */; };
		9621CDFF2ADC1814005BC68E /* FirebaseFunctions in Frameworks */ = {isa = PBXBuildFile; productRef = 9621CDFE2ADC1814005BC68E /* FirebaseFunctions */; };
		9621CE012ADC1814005BC68E /* FirebaseStorage in Frameworks */ = {isa = PBXBuildFile; productRef = 9621CE002ADC1814005BC68E /* FirebaseStorage */; };
		9621CE042ADC183B005BC68E /* Thought.swift in Sources */ = {isa = PBXBuildFile; fileRef = 9621CE032ADC183B005BC68E /* Thought.swift */; };
		9621CE062ADC185B005BC68E /* Post.swift in Sources */ = {isa = PBXBuildFile; fileRef = 9621CE052ADC185B005BC68E /* Post.swift */; };
		9621CE082ADC194B005BC68E /* GoogleService-Info.plist in Resources */ = {isa = PBXBuildFile; fileRef = 9621CE072ADC194B005BC68E /* GoogleService-Info.plist */; };
		9621CE0A2ADC1F16005BC68E /* AddPostView.swift in Sources */ = {isa = PBXBuildFile; fileRef = 9621CE092ADC1F16005BC68E /* AddPostView.swift */; };
/* End PBXBuildFile section */

/* Begin PBXFileReference section */
		3E6FB3F62AAC440F00C6FBFF /* one.app */ = {isa = PBXFileReference; explicitFileType = wrapper.application; includeInIndex = 0; path = one.app; sourceTree = BUILT_PRODUCTS_DIR; };
		3E6FB3F92AAC440F00C6FBFF /* oneApp.swift */ = {isa = PBXFileReference; lastKnownFileType = sourcecode.swift; path = oneApp.swift; sourceTree = "<group>"; };
		3E6FB3FB2AAC440F00C6FBFF /* ContentView.swift */ = {isa = PBXFileReference; lastKnownFileType = sourcecode.swift; path = ContentView.swift; sourceTree = "<group>"; };
		3E6FB3FD2AAC441100C6FBFF /* Assets.xcassets */ = {isa = PBXFileReference; lastKnownFileType = folder.assetcatalog; path = Assets.xcassets; sourceTree = "<group>"; };
		3E6FB4002AAC441100C6FBFF /* Preview Assets.xcassets */ = {isa = PBXFileReference; lastKnownFileType = folder.assetcatalog; path = "Preview Assets.xcassets"; sourceTree = "<group>"; };
		3E6FB4092AAC58FF00C6FBFF /* LoginView.swift */ = {isa = PBXFileReference; lastKnownFileType = sourcecode.swift; path = LoginView.swift; sourceTree = "<group>"; };
		3ECA9CF22AD1DD48003A24B8 /* termsAndConditionsView.swift */ = {isa = PBXFileReference; lastKnownFileType = sourcecode.swift; path = termsAndConditionsView.swift; sourceTree = "<group>"; };
		3ECA9CF62AD1E5B0003A24B8 /* imageHPView.swift */ = {isa = PBXFileReference; lastKnownFileType = sourcecode.swift; path = imageHPView.swift; sourceTree = "<group>"; };
		3ECA9CF82AD1E8B6003A24B8 /* TapBarButtonView.swift */ = {isa = PBXFileReference; lastKnownFileType = sourcecode.swift; path = TapBarButtonView.swift; sourceTree = "<group>"; };
		3ECA9CFA2AD1EEBD003A24B8 /* ProfilePageView.swift */ = {isa = PBXFileReference; lastKnownFileType = sourcecode.swift; path = ProfilePageView.swift; sourceTree = "<group>"; };
		9621CDD82AD6A776005BC68E /* contetview.swift */ = {isa = PBXFileReference; lastKnownFileType = sourcecode.swift; path = contetview.swift; sourceTree = "<group>"; };
		9621CDDE2AD7CC10005BC68E /* RegisterView.swift */ = {isa = PBXFileReference; lastKnownFileType = sourcecode.swift; path = RegisterView.swift; sourceTree = "<group>"; };
		9621CDE02AD7F481005BC68E /* Home Page.swift */ = {isa = PBXFileReference; lastKnownFileType = sourcecode.swift; path = "Home Page.swift"; sourceTree = "<group>"; };
		9621CDE22ADAB87F005BC68E /* EditProfileView.swift */ = {isa = PBXFileReference; lastKnownFileType = sourcecode.swift; path = EditProfileView.swift; sourceTree = "<group>"; };
		9621CDE42ADAC230005BC68E /* HomePostsView.swift */ = {isa = PBXFileReference; lastKnownFileType = sourcecode.swift; path = HomePostsView.swift; sourceTree = "<group>"; };
		9621CDE62ADACA30005BC68E /* ChatView.swift */ = {isa = PBXFileReference; lastKnownFileType = sourcecode.swift; path = ChatView.swift; sourceTree = "<group>"; };
		9621CDE82ADACAAE005BC68E /* SearchView.swift */ = {isa = PBXFileReference; lastKnownFileType = sourcecode.swift; path = SearchView.swift; sourceTree = "<group>"; };
		9621CDEA2ADACB28005BC68E /* ShareView.swift */ = {isa = PBXFileReference; lastKnownFileType = sourcecode.swift; path = ShareView.swift; sourceTree = "<group>"; };
		9621CDF02ADBEE91005BC68E /* ProfileView.swift */ = {isa = PBXFileReference; lastKnownFileType = sourcecode.swift; path = ProfileView.swift; sourceTree = "<group>"; };
		9621CDF22ADBF85E005BC68E /* HomeThoughtsView.swift */ = {isa = PBXFileReference; lastKnownFileType = sourcecode.swift; path = HomeThoughtsView.swift; sourceTree = "<group>"; };
		9621CDF52ADBFC9E005BC68E /* MessagesHistoryView.swift */ = {isa = PBXFileReference; lastKnownFileType = sourcecode.swift; path = MessagesHistoryView.swift; sourceTree = "<group>"; };
		9621CE032ADC183B005BC68E /* Thought.swift */ = {isa = PBXFileReference; lastKnownFileType = sourcecode.swift; path = Thought.swift; sourceTree = "<group>"; };
		9621CE052ADC185B005BC68E /* Post.swift */ = {isa = PBXFileReference; lastKnownFileType = sourcecode.swift; path = Post.swift; sourceTree = "<group>"; };
		9621CE072ADC194B005BC68E /* GoogleService-Info.plist */ = {isa = PBXFileReference; fileEncoding = 4; lastKnownFileType = text.plist.xml; name = "GoogleService-Info.plist"; path = "../../../Downloads/GoogleService-Info.plist"; sourceTree = "<group>"; };
		9621CE092ADC1F16005BC68E /* AddPostView.swift */ = {isa = PBXFileReference; lastKnownFileType = sourcecode.swift; path = AddPostView.swift; sourceTree = "<group>"; };
/* End PBXFileReference section */

/* Begin PBXFrameworksBuildPhase section */
		3E6FB3F32AAC440F00C6FBFF /* Frameworks */ = {
			isa = PBXFrameworksBuildPhase;
			buildActionMask = 2147483647;
			files = (
				9621CDFB2ADC1814005BC68E /* FirebaseDatabase in Frameworks */,
				9621CDF92ADC1814005BC68E /* FirebaseAuth in Frameworks */,
				9621CDFD2ADC1814005BC68E /* FirebaseFirestore in Frameworks */,
				9621CE012ADC1814005BC68E /* FirebaseStorage in Frameworks */,
				9621CDFF2ADC1814005BC68E /* FirebaseFunctions in Frameworks */,
			);
			runOnlyForDeploymentPostprocessing = 0;
		};
/* End PBXFrameworksBuildPhase section */

/* Begin PBXGroup section */
		3E6FB3ED2AAC440F00C6FBFF = {
			isa = PBXGroup;
			children = (
				3ECA9CFA2AD1EEBD003A24B8 /* ProfilePageView.swift */,
				3ECA9CF22AD1DD48003A24B8 /* termsAndConditionsView.swift */,
				3ECA9CF62AD1E5B0003A24B8 /* imageHPView.swift */,
				3ECA9CF82AD1E8B6003A24B8 /* TapBarButtonView.swift */,
				3E6FB3F82AAC440F00C6FBFF /* one */,
				3E6FB3F72AAC440F00C6FBFF /* Products */,
			);
			sourceTree = "<group>";
		};
		3E6FB3F72AAC440F00C6FBFF /* Products */ = {
			isa = PBXGroup;
			children = (
				3E6FB3F62AAC440F00C6FBFF /* one.app */,
			);
			name = Products;
			sourceTree = "<group>";
		};
		3E6FB3F82AAC440F00C6FBFF /* one */ = {
			isa = PBXGroup;
			children = (
				9621CE072ADC194B005BC68E /* GoogleService-Info.plist */,
				9621CE022ADC1826005BC68E /* Model */,
				9621CDEE2ADACBB0005BC68E /* Navigation */,
				9621CDED2ADACB96005BC68E /* Home */,
				9621CDEC2ADACB86005BC68E /* Main */,
				3E6FB3F92AAC440F00C6FBFF /* oneApp.swift */,
				9621CDD82AD6A776005BC68E /* contetview.swift */,
				3E6FB3FD2AAC441100C6FBFF /* Assets.xcassets */,
				3E6FB3FF2AAC441100C6FBFF /* Preview Content */,
			);
			path = one;
			sourceTree = "<group>";
		};
		3E6FB3FF2AAC441100C6FBFF /* Preview Content */ = {
			isa = PBXGroup;
			children = (
				3E6FB4002AAC441100C6FBFF /* Preview Assets.xcassets */,
			);
			path = "Preview Content";
			sourceTree = "<group>";
		};
		9621CDEC2ADACB86005BC68E /* Main */ = {
			isa = PBXGroup;
			children = (
				3E6FB3FB2AAC440F00C6FBFF /* ContentView.swift */,
				3E6FB4092AAC58FF00C6FBFF /* LoginView.swift */,
				9621CDDE2AD7CC10005BC68E /* RegisterView.swift */,
			);
			path = Main;
			sourceTree = "<group>";
		};
		9621CDED2ADACB96005BC68E /* Home */ = {
			isa = PBXGroup;
			children = (
				9621CDE02AD7F481005BC68E /* Home Page.swift */,
				9621CDE42ADAC230005BC68E /* HomePostsView.swift */,
				9621CDF22ADBF85E005BC68E /* HomeThoughtsView.swift */,
			);
			path = Home;
			sourceTree = "<group>";
		};
		9621CDEE2ADACBB0005BC68E /* Navigation */ = {
			isa = PBXGroup;
			children = (
				9621CDEF2ADBEE7D005BC68E /* Profile */,
				9621CDF42ADBFC74005BC68E /* Chat */,
				9621CDE82ADACAAE005BC68E /* SearchView.swift */,
				9621CDEA2ADACB28005BC68E /* ShareView.swift */,
			);
			path = Navigation;
			sourceTree = "<group>";
		};
		9621CDEF2ADBEE7D005BC68E /* Profile */ = {
			isa = PBXGroup;
			children = (
				9621CDE22ADAB87F005BC68E /* EditProfileView.swift */,
				9621CDF02ADBEE91005BC68E /* ProfileView.swift */,
				9621CE092ADC1F16005BC68E /* AddPostView.swift */,
			);
			path = Profile;
			sourceTree = "<group>";
		};
		9621CDF42ADBFC74005BC68E /* Chat */ = {
			isa = PBXGroup;
			children = (
				9621CDE62ADACA30005BC68E /* ChatView.swift */,
				9621CDF52ADBFC9E005BC68E /* MessagesHistoryView.swift */,
			);
			path = Chat;
			sourceTree = "<group>";
		};
		9621CE022ADC1826005BC68E /* Model */ = {
			isa = PBXGroup;
			children = (
				9621CE032ADC183B005BC68E /* Thought.swift */,
				9621CE052ADC185B005BC68E /* Post.swift */,
			);
			path = Model;
			sourceTree = "<group>";
		};
/* End PBXGroup section */

/* Begin PBXNativeTarget section */
		3E6FB3F52AAC440F00C6FBFF /* one */ = {
			isa = PBXNativeTarget;
			buildConfigurationList = 3E6FB4042AAC441100C6FBFF /* Build configuration list for PBXNativeTarget "one" */;
			buildPhases = (
				3E6FB3F22AAC440F00C6FBFF /* Sources */,
				3E6FB3F32AAC440F00C6FBFF /* Frameworks */,
				3E6FB3F42AAC440F00C6FBFF /* Resources */,
			);
			buildRules = (
			);
			dependencies = (
			);
			name = one;
			packageProductDependencies = (
				9621CDF82ADC1814005BC68E /* FirebaseAuth */,
				9621CDFA2ADC1814005BC68E /* FirebaseDatabase */,
				9621CDFC2ADC1814005BC68E /* FirebaseFirestore */,
				9621CDFE2ADC1814005BC68E /* FirebaseFunctions */,
				9621CE002ADC1814005BC68E /* FirebaseStorage */,
			);
			productName = one;
			productReference = 3E6FB3F62AAC440F00C6FBFF /* one.app */;
			productType = "com.apple.product-type.application";
		};
/* End PBXNativeTarget section */

/* Begin PBXProject section */
		3E6FB3EE2AAC440F00C6FBFF /* Project object */ = {
			isa = PBXProject;
			attributes = {
				BuildIndependentTargetsInParallel = 1;
				LastSwiftUpdateCheck = 1430;
				LastUpgradeCheck = 1430;
				TargetAttributes = {
					3E6FB3F52AAC440F00C6FBFF = {
						CreatedOnToolsVersion = 14.3.1;
					};
				};
			};
			buildConfigurationList = 3E6FB3F12AAC440F00C6FBFF /* Build configuration list for PBXProject "one" */;
			compatibilityVersion = "Xcode 14.0";
			developmentRegion = en;
			hasScannedForEncodings = 0;
			knownRegions = (
				en,
				Base,
			);
			mainGroup = 3E6FB3ED2AAC440F00C6FBFF;
			packageReferences = (
				9621CDF72ADC1814005BC68E /* XCRemoteSwiftPackageReference "firebase-ios-sdk" */,
			);
			productRefGroup = 3E6FB3F72AAC440F00C6FBFF /* Products */;
			projectDirPath = "";
			projectRoot = "";
			targets = (
				3E6FB3F52AAC440F00C6FBFF /* one */,
			);
		};
/* End PBXProject section */

/* Begin PBXResourcesBuildPhase section */
		3E6FB3F42AAC440F00C6FBFF /* Resources */ = {
			isa = PBXResourcesBuildPhase;
			buildActionMask = 2147483647;
			files = (
				3E6FB4012AAC441100C6FBFF /* Preview Assets.xcassets in Resources */,
				3E6FB3FE2AAC441100C6FBFF /* Assets.xcassets in Resources */,
				9621CE082ADC194B005BC68E /* GoogleService-Info.plist in Resources */,
			);
			runOnlyForDeploymentPostprocessing = 0;
		};
/* End PBXResourcesBuildPhase section */

/* Begin PBXSourcesBuildPhase section */
		3E6FB3F22AAC440F00C6FBFF /* Sources */ = {
			isa = PBXSourcesBuildPhase;
			buildActionMask = 2147483647;
			files = (
				9621CDEB2ADACB28005BC68E /* ShareView.swift in Sources */,
				9621CDF62ADBFC9E005BC68E /* MessagesHistoryView.swift in Sources */,
				3ECA9CF72AD1E5B0003A24B8 /* imageHPView.swift in Sources */,
				9621CDD92AD6A776005BC68E /* contetview.swift in Sources */,
				3ECA9CFB2AD1EEBD003A24B8 /* ProfilePageView.swift in Sources */,
				3E6FB40A2AAC58FF00C6FBFF /* LoginView.swift in Sources */,
				9621CDE12AD7F481005BC68E /* Home Page.swift in Sources */,
				9621CE062ADC185B005BC68E /* Post.swift in Sources */,
				9621CDDF2AD7CC10005BC68E /* RegisterView.swift in Sources */,
				9621CDE72ADACA30005BC68E /* ChatView.swift in Sources */,
				9621CE0A2ADC1F16005BC68E /* AddPostView.swift in Sources */,
				9621CDF12ADBEE91005BC68E /* ProfileView.swift in Sources */,
				3E6FB3FC2AAC440F00C6FBFF /* ContentView.swift in Sources */,
				9621CDE32ADAB87F005BC68E /* EditProfileView.swift in Sources */,
				3ECA9CF32AD1DD48003A24B8 /* termsAndConditionsView.swift in Sources */,
				9621CDE92ADACAAE005BC68E /* SearchView.swift in Sources */,
				3ECA9CF92AD1E8B6003A24B8 /* TapBarButtonView.swift in Sources */,
				3E6FB3FA2AAC440F00C6FBFF /* oneApp.swift in Sources */,
				9621CDE52ADAC230005BC68E /* HomePostsView.swift in Sources */,
				9621CDF32ADBF85E005BC68E /* HomeThoughtsView.swift in Sources */,
				9621CE042ADC183B005BC68E /* Thought.swift in Sources */,
			);
			runOnlyForDeploymentPostprocessing = 0;
		};
/* End PBXSourcesBuildPhase section */

/* Begin XCBuildConfiguration section */
		3E6FB4022AAC441100C6FBFF /* Debug */ = {
			isa = XCBuildConfiguration;
			buildSettings = {
				ALWAYS_SEARCH_USER_PATHS = NO;
				CLANG_ANALYZER_NONNULL = YES;
				CLANG_ANALYZER_NUMBER_OBJECT_CONVERSION = YES_AGGRESSIVE;
				CLANG_CXX_LANGUAGE_STANDARD = "gnu++20";
				CLANG_ENABLE_MODULES = YES;
				CLANG_ENABLE_OBJC_ARC = YES;
				CLANG_ENABLE_OBJC_WEAK = YES;
				CLANG_WARN_BLOCK_CAPTURE_AUTORELEASING = YES;
				CLANG_WARN_BOOL_CONVERSION = YES;
				CLANG_WARN_COMMA = YES;
				CLANG_WARN_CONSTANT_CONVERSION = YES;
				CLANG_WARN_DEPRECATED_OBJC_IMPLEMENTATIONS = YES;
				CLANG_WARN_DIRECT_OBJC_ISA_USAGE = YES_ERROR;
				CLANG_WARN_DOCUMENTATION_COMMENTS = YES;
				CLANG_WARN_EMPTY_BODY = YES;
				CLANG_WARN_ENUM_CONVERSION = YES;
				CLANG_WARN_INFINITE_RECURSION = YES;
				CLANG_WARN_INT_CONVERSION = YES;
				CLANG_WARN_NON_LITERAL_NULL_CONVERSION = YES;
				CLANG_WARN_OBJC_IMPLICIT_RETAIN_SELF = YES;
				CLANG_WARN_OBJC_LITERAL_CONVERSION = YES;
				CLANG_WARN_OBJC_ROOT_CLASS = YES_ERROR;
				CLANG_WARN_QUOTED_INCLUDE_IN_FRAMEWORK_HEADER = YES;
				CLANG_WARN_RANGE_LOOP_ANALYSIS = YES;
				CLANG_WARN_STRICT_PROTOTYPES = YES;
				CLANG_WARN_SUSPICIOUS_MOVE = YES;
				CLANG_WARN_UNGUARDED_AVAILABILITY = YES_AGGRESSIVE;
				CLANG_WARN_UNREACHABLE_CODE = YES;
				CLANG_WARN__DUPLICATE_METHOD_MATCH = YES;
				COPY_PHASE_STRIP = NO;
				DEBUG_INFORMATION_FORMAT = dwarf;
				ENABLE_STRICT_OBJC_MSGSEND = YES;
				ENABLE_TESTABILITY = YES;
				GCC_C_LANGUAGE_STANDARD = gnu11;
				GCC_DYNAMIC_NO_PIC = NO;
				GCC_NO_COMMON_BLOCKS = YES;
				GCC_OPTIMIZATION_LEVEL = 0;
				GCC_PREPROCESSOR_DEFINITIONS = (
					"DEBUG=1",
					"$(inherited)",
				);
				GCC_WARN_64_TO_32_BIT_CONVERSION = YES;
				GCC_WARN_ABOUT_RETURN_TYPE = YES_ERROR;
				GCC_WARN_UNDECLARED_SELECTOR = YES;
				GCC_WARN_UNINITIALIZED_AUTOS = YES_AGGRESSIVE;
				GCC_WARN_UNUSED_FUNCTION = YES;
				GCC_WARN_UNUSED_VARIABLE = YES;
				IPHONEOS_DEPLOYMENT_TARGET = 16.4;
				MTL_ENABLE_DEBUG_INFO = INCLUDE_SOURCE;
				MTL_FAST_MATH = YES;
				ONLY_ACTIVE_ARCH = YES;
				SDKROOT = iphoneos;
				SWIFT_ACTIVE_COMPILATION_CONDITIONS = DEBUG;
				SWIFT_OPTIMIZATION_LEVEL = "-Onone";
			};
			name = Debug;
		};
		3E6FB4032AAC441100C6FBFF /* Release */ = {
			isa = XCBuildConfiguration;
			buildSettings = {
				ALWAYS_SEARCH_USER_PATHS = NO;
				CLANG_ANALYZER_NONNULL = YES;
				CLANG_ANALYZER_NUMBER_OBJECT_CONVERSION = YES_AGGRESSIVE;
				CLANG_CXX_LANGUAGE_STANDARD = "gnu++20";
				CLANG_ENABLE_MODULES = YES;
				CLANG_ENABLE_OBJC_ARC = YES;
				CLANG_ENABLE_OBJC_WEAK = YES;
				CLANG_WARN_BLOCK_CAPTURE_AUTORELEASING = YES;
				CLANG_WARN_BOOL_CONVERSION = YES;
				CLANG_WARN_COMMA = YES;
				CLANG_WARN_CONSTANT_CONVERSION = YES;
				CLANG_WARN_DEPRECATED_OBJC_IMPLEMENTATIONS = YES;
				CLANG_WARN_DIRECT_OBJC_ISA_USAGE = YES_ERROR;
				CLANG_WARN_DOCUMENTATION_COMMENTS = YES;
				CLANG_WARN_EMPTY_BODY = YES;
				CLANG_WARN_ENUM_CONVERSION = YES;
				CLANG_WARN_INFINITE_RECURSION = YES;
				CLANG_WARN_INT_CONVERSION = YES;
				CLANG_WARN_NON_LITERAL_NULL_CONVERSION = YES;
				CLANG_WARN_OBJC_IMPLICIT_RETAIN_SELF = YES;
				CLANG_WARN_OBJC_LITERAL_CONVERSION = YES;
				CLANG_WARN_OBJC_ROOT_CLASS = YES_ERROR;
				CLANG_WARN_QUOTED_INCLUDE_IN_FRAMEWORK_HEADER = YES;
				CLANG_WARN_RANGE_LOOP_ANALYSIS = YES;
				CLANG_WARN_STRICT_PROTOTYPES = YES;
				CLANG_WARN_SUSPICIOUS_MOVE = YES;
				CLANG_WARN_UNGUARDED_AVAILABILITY = YES_AGGRESSIVE;
				CLANG_WARN_UNREACHABLE_CODE = YES;
				CLANG_WARN__DUPLICATE_METHOD_MATCH = YES;
				COPY_PHASE_STRIP = NO;
				DEBUG_INFORMATION_FORMAT = "dwarf-with-dsym";
				ENABLE_NS_ASSERTIONS = NO;
				ENABLE_STRICT_OBJC_MSGSEND = YES;
				GCC_C_LANGUAGE_STANDARD = gnu11;
				GCC_NO_COMMON_BLOCKS = YES;
				GCC_WARN_64_TO_32_BIT_CONVERSION = YES;
				GCC_WARN_ABOUT_RETURN_TYPE = YES_ERROR;
				GCC_WARN_UNDECLARED_SELECTOR = YES;
				GCC_WARN_UNINITIALIZED_AUTOS = YES_AGGRESSIVE;
				GCC_WARN_UNUSED_FUNCTION = YES;
				GCC_WARN_UNUSED_VARIABLE = YES;
				IPHONEOS_DEPLOYMENT_TARGET = 16.4;
				MTL_ENABLE_DEBUG_INFO = NO;
				MTL_FAST_MATH = YES;
				SDKROOT = iphoneos;
				SWIFT_COMPILATION_MODE = wholemodule;
				SWIFT_OPTIMIZATION_LEVEL = "-O";
				VALIDATE_PRODUCT = YES;
			};
			name = Release;
		};
		3E6FB4052AAC441100C6FBFF /* Debug */ = {
			isa = XCBuildConfiguration;
			buildSettings = {
				ASSETCATALOG_COMPILER_APPICON_NAME = AppIcon;
				ASSETCATALOG_COMPILER_GLOBAL_ACCENT_COLOR_NAME = AccentColor;
				CODE_SIGN_STYLE = Automatic;
				CURRENT_PROJECT_VERSION = 1;
				DEVELOPMENT_ASSET_PATHS = "\"one/Preview Content\"";
				ENABLE_PREVIEWS = YES;
				GENERATE_INFOPLIST_FILE = YES;
				INFOPLIST_KEY_UIApplicationSceneManifest_Generation = YES;
				INFOPLIST_KEY_UIApplicationSupportsIndirectInputEvents = YES;
				INFOPLIST_KEY_UILaunchScreen_Generation = YES;
				INFOPLIST_KEY_UISupportedInterfaceOrientations_iPad = "UIInterfaceOrientationPortrait UIInterfaceOrientationPortraitUpsideDown UIInterfaceOrientationLandscapeLeft UIInterfaceOrientationLandscapeRight";
				INFOPLIST_KEY_UISupportedInterfaceOrientations_iPhone = "UIInterfaceOrientationPortrait UIInterfaceOrientationLandscapeLeft UIInterfaceOrientationLandscapeRight";
				LD_RUNPATH_SEARCH_PATHS = (
					"$(inherited)",
					"@executable_path/Frameworks",
				);
				MARKETING_VERSION = 1.0;
				PRODUCT_BUNDLE_IDENTIFIER = com.salama.one;
				PRODUCT_NAME = "$(TARGET_NAME)";
				SWIFT_EMIT_LOC_STRINGS = YES;
				SWIFT_VERSION = 5.0;
				TARGETED_DEVICE_FAMILY = "1,2";
			};
			name = Debug;
		};
		3E6FB4062AAC441100C6FBFF /* Release */ = {
			isa = XCBuildConfiguration;
			buildSettings = {
				ASSETCATALOG_COMPILER_APPICON_NAME = AppIcon;
				ASSETCATALOG_COMPILER_GLOBAL_ACCENT_COLOR_NAME = AccentColor;
				CODE_SIGN_STYLE = Automatic;
				CURRENT_PROJECT_VERSION = 1;
				DEVELOPMENT_ASSET_PATHS = "\"one/Preview Content\"";
				ENABLE_PREVIEWS = YES;
				GENERATE_INFOPLIST_FILE = YES;
				INFOPLIST_KEY_UIApplicationSceneManifest_Generation = YES;
				INFOPLIST_KEY_UIApplicationSupportsIndirectInputEvents = YES;
				INFOPLIST_KEY_UILaunchScreen_Generation = YES;
				INFOPLIST_KEY_UISupportedInterfaceOrientations_iPad = "UIInterfaceOrientationPortrait UIInterfaceOrientationPortraitUpsideDown UIInterfaceOrientationLandscapeLeft UIInterfaceOrientationLandscapeRight";
				INFOPLIST_KEY_UISupportedInterfaceOrientations_iPhone = "UIInterfaceOrientationPortrait UIInterfaceOrientationLandscapeLeft UIInterfaceOrientationLandscapeRight";
				LD_RUNPATH_SEARCH_PATHS = (
					"$(inherited)",
					"@executable_path/Frameworks",
				);
				MARKETING_VERSION = 1.0;
				PRODUCT_BUNDLE_IDENTIFIER = com.salama.one;
				PRODUCT_NAME = "$(TARGET_NAME)";
				SWIFT_EMIT_LOC_STRINGS = YES;
				SWIFT_VERSION = 5.0;
				TARGETED_DEVICE_FAMILY = "1,2";
			};
			name = Release;
		};
/* End XCBuildConfiguration section */

/* Begin XCConfigurationList section */
		3E6FB3F12AAC440F00C6FBFF /* Build configuration list for PBXProject "one" */ = {
			isa = XCConfigurationList;
			buildConfigurations = (
				3E6FB4022AAC441100C6FBFF /* Debug */,
				3E6FB4032AAC441100C6FBFF /* Release */,
			);
			defaultConfigurationIsVisible = 0;
			defaultConfigurationName = Release;
		};
		3E6FB4042AAC441100C6FBFF /* Build configuration list for PBXNativeTarget "one" */ = {
			isa = XCConfigurationList;
			buildConfigurations = (
				3E6FB4052AAC441100C6FBFF /* Debug */,
				3E6FB4062AAC441100C6FBFF /* Release */,
			);
			defaultConfigurationIsVisible = 0;
			defaultConfigurationName = Release;
		};
/* End XCConfigurationList section */

/* Begin XCRemoteSwiftPackageReference section */
		9621CDF72ADC1814005BC68E /* XCRemoteSwiftPackageReference "firebase-ios-sdk" */ = {
			isa = XCRemoteSwiftPackageReference;
			repositoryURL = "https://github.com/firebase/firebase-ios-sdk";
			requirement = {
				kind = upToNextMajorVersion;
				minimumVersion = 10.0.0;
			};
		};
/* End XCRemoteSwiftPackageReference section */

/* Begin XCSwiftPackageProductDependency section */
		9621CDF82ADC1814005BC68E /* FirebaseAuth */ = {
			isa = XCSwiftPackageProductDependency;
			package = 9621CDF72ADC1814005BC68E /* XCRemoteSwiftPackageReference "firebase-ios-sdk" */;
			productName = FirebaseAuth;
		};
		9621CDFA2ADC1814005BC68E /* FirebaseDatabase */ = {
			isa = XCSwiftPackageProductDependency;
			package = 9621CDF72ADC1814005BC68E /* XCRemoteSwiftPackageReference "firebase-ios-sdk" */;
			productName = FirebaseDatabase;
		};
		9621CDFC2ADC1814005BC68E /* FirebaseFirestore */ = {
			isa = XCSwiftPackageProductDependency;
			package = 9621CDF72ADC1814005BC68E /* XCRemoteSwiftPackageReference "firebase-ios-sdk" */;
			productName = FirebaseFirestore;
		};
		9621CDFE2ADC1814005BC68E /* FirebaseFunctions */ = {
			isa = XCSwiftPackageProductDependency;
			package = 9621CDF72ADC1814005BC68E /* XCRemoteSwiftPackageReference "firebase-ios-sdk" */;
			productName = FirebaseFunctions;
		};
		9621CE002ADC1814005BC68E /* FirebaseStorage */ = {
			isa = XCSwiftPackageProductDependency;
			package = 9621CDF72ADC1814005BC68E /* XCRemoteSwiftPackageReference "firebase-ios-sdk" */;
			productName = FirebaseStorage;
		};
/* End XCSwiftPackageProductDependency section */
	};
	rootObject = 3E6FB3EE2AAC440F00C6FBFF /* Project object */;
}
